
Microsoft Visual Studio Solution File, Format Version 12.00
# Visual Studio Version 16
VisualStudioVersion = 16.0.32126.315
MinimumVisualStudioVersion = 10.0.40219.1
Project("{FAE04EC0-301F-11D3-BF4B-00C04F79EFBC}") = "ConsoleApp_03.02.02", "ConsoleApp_03.02.02.csproj", "{3FD5DEEF-F739-4C50-8630-B6D464A96D23}"
EndProject
Global
	GlobalSection(SolutionConfigurationPlatforms) = preSolution
		Debug|Any CPU = Debug|Any CPU
		Release|Any CPU = Release|Any CPU
	EndGlobalSection
	GlobalSection(ProjectConfigurationPlatforms) = postSolution
		{3FD5DEEF-F739-4C50-8630-B6D464A96D23}.Debug|Any CPU.ActiveCfg = Debug|Any CPU
		{3FD5DEEF-F739-4C50-8630-B6D464A96D23}.Debug|Any CPU.Build.0 = Debug|Any CPU
		{3FD5DEEF-F739-4C50-8630-B6D464A96D23}.Release|Any CPU.ActiveCfg = Release|Any CPU
		{3FD5DEEF-F739-4C50-8630-B6D464A96D23}.Release|Any CPU.Build.0 = Release|Any CPU
	EndGlobalSection
	GlobalSection(SolutionProperties) = preSolution
		HideSolutionNode = FALSE
	EndGlobalSection
	GlobalSection(ExtensibilityGlobals) = postSolution
		SolutionGuid = {485B301C-47D0-42B7-9A9D-FC3486B57D25}
	EndGlobalSection
EndGlobal
